// !$*UTF8*$!
{
	archiveVersion = 1;
	classes = {
	};
	objectVersion = 50;
	objects = {

/* Begin PBXBuildFile section */
		7A1794F124C8B1F00000B24C /* AppDelegate.m in Sources */ = {isa = PBXBuildFile; fileRef = 7A1794F024C8B1F00000B24C /* AppDelegate.m */; };
		7A1794F424C8B1F00000B24C /* SceneDelegate.m in Sources */ = {isa = PBXBuildFile; fileRef = 7A1794F324C8B1F00000B24C /* SceneDelegate.m */; };
		7A1794F724C8B1F00000B24C /* ViewController.m in Sources */ = {isa = PBXBuildFile; fileRef = 7A1794F624C8B1F00000B24C /* ViewController.m */; };
		7A1794FA24C8B1F00000B24C /* Main.storyboard in Resources */ = {isa = PBXBuildFile; fileRef = 7A1794F824C8B1F00000B24C /* Main.storyboard */; };
		7A1794FC24C8B1F30000B24C /* Assets.xcassets in Resources */ = {isa = PBXBuildFile; fileRef = 7A1794FB24C8B1F30000B24C /* Assets.xcassets */; };
		7A1794FF24C8B1F30000B24C /* LaunchScreen.storyboard in Resources */ = {isa = PBXBuildFile; fileRef = 7A1794FD24C8B1F30000B24C /* LaunchScreen.storyboard */; };
		7A17950224C8B1F30000B24C /* main.m in Sources */ = {isa = PBXBuildFile; fileRef = 7A17950124C8B1F30000B24C /* main.m */; };
		7A17950B24C8B2920000B24C /* HTTPService.m in Sources */ = {isa = PBXBuildFile; fileRef = 7A17950A24C8B2920000B24C /* HTTPService.m */; };
		7A17950F24C97B000000B24C /* VideoCell.m in Sources */ = {isa = PBXBuildFile; fileRef = 7A17950E24C97AFF0000B24C /* VideoCell.m */; };
		7A17951324C9AA550000B24C /* Video.m in Sources */ = {isa = PBXBuildFile; fileRef = 7A17951224C9AA550000B24C /* Video.m */; };
		7A17951724C9FB020000B24C /* VideoVC.m in Sources */ = {isa = PBXBuildFile; fileRef = 7A17951624C9FB020000B24C /* VideoVC.m */; };
/* End PBXBuildFile section */

/* Begin PBXFileReference section */
		7A1794EC24C8B1F00000B24C /* DevelopesTutorials.app */ = {isa = PBXFileReference; explicitFileType = wrapper.application; includeInIndex = 0; path = DevelopesTutorials.app; sourceTree = BUILT_PRODUCTS_DIR; };
		7A1794EF24C8B1F00000B24C /* AppDelegate.h */ = {isa = PBXFileReference; lastKnownFileType = sourcecode.c.h; path = AppDelegate.h; sourceTree = "<group>"; };
		7A1794F024C8B1F00000B24C /* AppDelegate.m */ = {isa = PBXFileReference; lastKnownFileType = sourcecode.c.objc; path = AppDelegate.m; sourceTree = "<group>"; };
		7A1794F224C8B1F00000B24C /* SceneDelegate.h */ = {isa = PBXFileReference; lastKnownFileType = sourcecode.c.h; path = SceneDelegate.h; sourceTree = "<group>"; };
		7A1794F324C8B1F00000B24C /* SceneDelegate.m */ = {isa = PBXFileReference; lastKnownFileType = sourcecode.c.objc; path = SceneDelegate.m; sourceTree = "<group>"; };
		7A1794F524C8B1F00000B24C /* ViewController.h */ = {isa = PBXFileReference; lastKnownFileType = sourcecode.c.h; path = ViewController.h; sourceTree = "<group>"; };
		7A1794F624C8B1F00000B24C /* ViewController.m */ = {isa = PBXFileReference; lastKnownFileType = sourcecode.c.objc; path = ViewController.m; sourceTree = "<group>"; };
		7A1794F924C8B1F00000B24C /* Base */ = {isa = PBXFileReference; lastKnownFileType = file.storyboard; name = Base; path = Base.lproj/Main.storyboard; sourceTree = "<group>"; };
		7A1794FB24C8B1F30000B24C /* Assets.xcassets */ = {isa = PBXFileReference; lastKnownFileType = folder.assetcatalog; path = Assets.xcassets; sourceTree = "<group>"; };
		7A1794FE24C8B1F30000B24C /* Base */ = {isa = PBXFileReference; lastKnownFileType = file.storyboard; name = Base; path = Base.lproj/LaunchScreen.storyboard; sourceTree = "<group>"; };
		7A17950024C8B1F30000B24C /* Info.plist */ = {isa = PBXFileReference; lastKnownFileType = text.plist.xml; path = Info.plist; sourceTree = "<group>"; };
		7A17950124C8B1F30000B24C /* main.m */ = {isa = PBXFileReference; lastKnownFileType = sourcecode.c.objc; path = main.m; sourceTree = "<group>"; };
		7A17950924C8B2920000B24C /* HTTPService.h */ = {isa = PBXFileReference; lastKnownFileType = sourcecode.c.h; path = HTTPService.h; sourceTree = "<group>"; };
		7A17950A24C8B2920000B24C /* HTTPService.m */ = {isa = PBXFileReference; lastKnownFileType = sourcecode.c.objc; path = HTTPService.m; sourceTree = "<group>"; };
		7A17950D24C97AFF0000B24C /* VideoCell.h */ = {isa = PBXFileReference; lastKnownFileType = sourcecode.c.h; path = VideoCell.h; sourceTree = "<group>"; };
		7A17950E24C97AFF0000B24C /* VideoCell.m */ = {isa = PBXFileReference; lastKnownFileType = sourcecode.c.objc; path = VideoCell.m; sourceTree = "<group>"; };
		7A17951124C9AA550000B24C /* Video.h */ = {isa = PBXFileReference; lastKnownFileType = sourcecode.c.h; path = Video.h; sourceTree = "<group>"; };
		7A17951224C9AA550000B24C /* Video.m */ = {isa = PBXFileReference; lastKnownFileType = sourcecode.c.objc; path = Video.m; sourceTree = "<group>"; };
		7A17951524C9FB020000B24C /* VideoVC.h */ = {isa = PBXFileReference; lastKnownFileType = sourcecode.c.h; path = VideoVC.h; sourceTree = "<group>"; };
		7A17951624C9FB020000B24C /* VideoVC.m */ = {isa = PBXFileReference; lastKnownFileType = sourcecode.c.objc; path = VideoVC.m; sourceTree = "<group>"; };
/* End PBXFileReference section */

/* Begin PBXFrameworksBuildPhase section */
		7A1794E924C8B1F00000B24C /* Frameworks */ = {
			isa = PBXFrameworksBuildPhase;
			buildActionMask = 2147483647;
			files = (
			);
			runOnlyForDeploymentPostprocessing = 0;
		};
/* End PBXFrameworksBuildPhase section */

/* Begin PBXGroup section */
		7A1794E324C8B1F00000B24C = {
			isa = PBXGroup;
			children = (
				7A1794EE24C8B1F00000B24C /* DevelopesTutorials */,
				7A1794ED24C8B1F00000B24C /* Products */,
			);
			sourceTree = "<group>";
		};
		7A1794ED24C8B1F00000B24C /* Products */ = {
			isa = PBXGroup;
			children = (
				7A1794EC24C8B1F00000B24C /* DevelopesTutorials.app */,
			);
			name = Products;
			sourceTree = "<group>";
		};
		7A1794EE24C8B1F00000B24C /* DevelopesTutorials */ = {
			isa = PBXGroup;
			children = (
				7A17951424C9FABA0000B24C /* Controller */,
				7A17951024C9AA3D0000B24C /* Model */,
				7A17950C24C97ADB0000B24C /* View */,
				7A17950824C8B24B0000B24C /* Services */,
				7A1794EF24C8B1F00000B24C /* AppDelegate.h */,
				7A1794F024C8B1F00000B24C /* AppDelegate.m */,
				7A1794F224C8B1F00000B24C /* SceneDelegate.h */,
				7A1794F324C8B1F00000B24C /* SceneDelegate.m */,
				7A1794F824C8B1F00000B24C /* Main.storyboard */,
				7A1794FB24C8B1F30000B24C /* Assets.xcassets */,
				7A1794FD24C8B1F30000B24C /* LaunchScreen.storyboard */,
				7A17950024C8B1F30000B24C /* Info.plist */,
				7A17950124C8B1F30000B24C /* main.m */,
			);
			path = DevelopesTutorials;
			sourceTree = "<group>";
		};
		7A17950824C8B24B0000B24C /* Services */ = {
			isa = PBXGroup;
			children = (
				7A17950924C8B2920000B24C /* HTTPService.h */,
				7A17950A24C8B2920000B24C /* HTTPService.m */,
			);
			path = Services;
			sourceTree = "<group>";
		};
		7A17950C24C97ADB0000B24C /* View */ = {
			isa = PBXGroup;
			children = (
				7A17950D24C97AFF0000B24C /* VideoCell.h */,
				7A17950E24C97AFF0000B24C /* VideoCell.m */,
			);
			path = View;
			sourceTree = "<group>";
		};
		7A17951024C9AA3D0000B24C /* Model */ = {
			isa = PBXGroup;
			children = (
				7A17951124C9AA550000B24C /* Video.h */,
				7A17951224C9AA550000B24C /* Video.m */,
			);
			path = Model;
			sourceTree = "<group>";
		};
		7A17951424C9FABA0000B24C /* Controller */ = {
			isa = PBXGroup;
			children = (
				7A1794F524C8B1F00000B24C /* ViewController.h */,
				7A1794F624C8B1F00000B24C /* ViewController.m */,
				7A17951524C9FB020000B24C /* VideoVC.h */,
				7A17951624C9FB020000B24C /* VideoVC.m */,
			);
			path = Controller;
			sourceTree = "<group>";
		};
/* End PBXGroup section */

/* Begin PBXNativeTarget section */
		7A1794EB24C8B1F00000B24C /* DevelopesTutorials */ = {
			isa = PBXNativeTarget;
			buildConfigurationList = 7A17950524C8B1F30000B24C /* Build configuration list for PBXNativeTarget "DevelopesTutorials" */;
			buildPhases = (
				7A1794E824C8B1F00000B24C /* Sources */,
				7A1794E924C8B1F00000B24C /* Frameworks */,
				7A1794EA24C8B1F00000B24C /* Resources */,
			);
			buildRules = (
			);
			dependencies = (
			);
			name = DevelopesTutorials;
			productName = DevelopesTutorials;
			productReference = 7A1794EC24C8B1F00000B24C /* DevelopesTutorials.app */;
			productType = "com.apple.product-type.application";
		};
/* End PBXNativeTarget section */

/* Begin PBXProject section */
		7A1794E424C8B1F00000B24C /* Project object */ = {
			isa = PBXProject;
			attributes = {
				LastUpgradeCheck = 1160;
				ORGANIZATIONNAME = "Oleh Haistruk";
				TargetAttributes = {
					7A1794EB24C8B1F00000B24C = {
						CreatedOnToolsVersion = 11.6;
					};
				};
			};
			buildConfigurationList = 7A1794E724C8B1F00000B24C /* Build configuration list for PBXProject "DevelopesTutorials" */;
			compatibilityVersion = "Xcode 9.3";
			developmentRegion = en;
			hasScannedForEncodings = 0;
			knownRegions = (
				en,
				Base,
			);
			mainGroup = 7A1794E324C8B1F00000B24C;
			productRefGroup = 7A1794ED24C8B1F00000B24C /* Products */;
			projectDirPath = "";
			projectRoot = "";
			targets = (
				7A1794EB24C8B1F00000B24C /* DevelopesTutorials */,
			);
		};
/* End PBXProject section */

/* Begin PBXResourcesBuildPhase section */
		7A1794EA24C8B1F00000B24C /* Resources */ = {
			isa = PBXResourcesBuildPhase;
			buildActionMask = 2147483647;
			files = (
				7A1794FF24C8B1F30000B24C /* LaunchScreen.storyboard in Resources */,
				7A1794FC24C8B1F30000B24C /* Assets.xcassets in Resources */,
				7A1794FA24C8B1F00000B24C /* Main.storyboard in Resources */,
			);
			runOnlyForDeploymentPostprocessing = 0;
		};
/* End PBXResourcesBuildPhase section */

/* Begin PBXSourcesBuildPhase section */
		7A1794E824C8B1F00000B24C /* Sources */ = {
			isa = PBXSourcesBuildPhase;
			buildActionMask = 2147483647;
			files = (
				7A1794F724C8B1F00000B24C /* ViewController.m in Sources */,
				7A17950F24C97B000000B24C /* VideoCell.m in Sources */,
				7A17950B24C8B2920000B24C /* HTTPService.m in Sources */,
				7A1794F124C8B1F00000B24C /* AppDelegate.m in Sources */,
				7A17951724C9FB020000B24C /* VideoVC.m in Sources */,
				7A17950224C8B1F30000B24C /* main.m in Sources */,
				7A1794F424C8B1F00000B24C /* SceneDelegate.m in Sources */,
				7A17951324C9AA550000B24C /* Video.m in Sources */,
			);
			runOnlyForDeploymentPostprocessing = 0;
		};
/* End PBXSourcesBuildPhase section */

/* Begin PBXVariantGroup section */
		7A1794F824C8B1F00000B24C /* Main.storyboard */ = {
			isa = PBXVariantGroup;
			children = (
				7A1794F924C8B1F00000B24C /* Base */,
			);
			name = Main.storyboard;
			sourceTree = "<group>";
		};
		7A1794FD24C8B1F30000B24C /* LaunchScreen.storyboard */ = {
			isa = PBXVariantGroup;
			children = (
				7A1794FE24C8B1F30000B24C /* Base */,
			);
			name = LaunchScreen.storyboard;
			sourceTree = "<group>";
		};
/* End PBXVariantGroup section */

/* Begin XCBuildConfiguration section */
		7A17950324C8B1F30000B24C /* Debug */ = {
			isa = XCBuildConfiguration;
			buildSettings = {
				ALWAYS_SEARCH_USER_PATHS = NO;
				CLANG_ANALYZER_NONNULL = YES;
				CLANG_ANALYZER_NUMBER_OBJECT_CONVERSION = YES_AGGRESSIVE;
				CLANG_CXX_LANGUAGE_STANDARD = "gnu++14";
				CLANG_CXX_LIBRARY = "libc++";
				CLANG_ENABLE_MODULES = YES;
				CLANG_ENABLE_OBJC_ARC = YES;
				CLANG_ENABLE_OBJC_WEAK = YES;
				CLANG_WARN_BLOCK_CAPTURE_AUTORELEASING = YES;
				CLANG_WARN_BOOL_CONVERSION = YES;
				CLANG_WARN_COMMA = YES;
				CLANG_WARN_CONSTANT_CONVERSION = YES;
				CLANG_WARN_DEPRECATED_OBJC_IMPLEMENTATIONS = YES;
				CLANG_WARN_DIRECT_OBJC_ISA_USAGE = YES_ERROR;
				CLANG_WARN_DOCUMENTATION_COMMENTS = YES;
				CLANG_WARN_EMPTY_BODY = YES;
				CLANG_WARN_ENUM_CONVERSION = YES;
				CLANG_WARN_INFINITE_RECURSION = YES;
				CLANG_WARN_INT_CONVERSION = YES;
				CLANG_WARN_NON_LITERAL_NULL_CONVERSION = YES;
				CLANG_WARN_OBJC_IMPLICIT_RETAIN_SELF = YES;
				CLANG_WARN_OBJC_LITERAL_CONVERSION = YES;
				CLANG_WARN_OBJC_ROOT_CLASS = YES_ERROR;
				CLANG_WARN_RANGE_LOOP_ANALYSIS = YES;
				CLANG_WARN_STRICT_PROTOTYPES = YES;
				CLANG_WARN_SUSPICIOUS_MOVE = YES;
				CLANG_WARN_UNGUARDED_AVAILABILITY = YES_AGGRESSIVE;
				CLANG_WARN_UNREACHABLE_CODE = YES;
				CLANG_WARN__DUPLICATE_METHOD_MATCH = YES;
				COPY_PHASE_STRIP = NO;
				DEBUG_INFORMATION_FORMAT = dwarf;
				ENABLE_STRICT_OBJC_MSGSEND = YES;
				ENABLE_TESTABILITY = YES;
				GCC_C_LANGUAGE_STANDARD = gnu11;
				GCC_DYNAMIC_NO_PIC = NO;
				GCC_NO_COMMON_BLOCKS = YES;
				GCC_OPTIMIZATION_LEVEL = 0;
				GCC_PREPROCESSOR_DEFINITIONS = (
					"DEBUG=1",
					"$(inherited)",
				);
				GCC_WARN_64_TO_32_BIT_CONVERSION = YES;
				GCC_WARN_ABOUT_RETURN_TYPE = YES_ERROR;
				GCC_WARN_UNDECLARED_SELECTOR = YES;
				GCC_WARN_UNINITIALIZED_AUTOS = YES_AGGRESSIVE;
				GCC_WARN_UNUSED_FUNCTION = YES;
				GCC_WARN_UNUSED_VARIABLE = YES;
				IPHONEOS_DEPLOYMENT_TARGET = 13.6;
				MTL_ENABLE_DEBUG_INFO = INCLUDE_SOURCE;
				MTL_FAST_MATH = YES;
				ONLY_ACTIVE_ARCH = YES;
				SDKROOT = iphoneos;
			};
			name = Debug;
		};
		7A17950424C8B1F30000B24C /* Release */ = {
			isa = XCBuildConfiguration;
			buildSettings = {
				ALWAYS_SEARCH_USER_PATHS = NO;
				CLANG_ANALYZER_NONNULL = YES;
				CLANG_ANALYZER_NUMBER_OBJECT_CONVERSION = YES_AGGRESSIVE;
				CLANG_CXX_LANGUAGE_STANDARD = "gnu++14";
				CLANG_CXX_LIBRARY = "libc++";
				CLANG_ENABLE_MODULES = YES;
				CLANG_ENABLE_OBJC_ARC = YES;
				CLANG_ENABLE_OBJC_WEAK = YES;
				CLANG_WARN_BLOCK_CAPTURE_AUTORELEASING = YES;
				CLANG_WARN_BOOL_CONVERSION = YES;
				CLANG_WARN_COMMA = YES;
				CLANG_WARN_CONSTANT_CONVERSION = YES;
				CLANG_WARN_DEPRECATED_OBJC_IMPLEMENTATIONS = YES;
				CLANG_WARN_DIRECT_OBJC_ISA_USAGE = YES_ERROR;
				CLANG_WARN_DOCUMENTATION_COMMENTS = YES;
				CLANG_WARN_EMPTY_BODY = YES;
				CLANG_WARN_ENUM_CONVERSION = YES;
				CLANG_WARN_INFINITE_RECURSION = YES;
				CLANG_WARN_INT_CONVERSION = YES;
				CLANG_WARN_NON_LITERAL_NULL_CONVERSION = YES;
				CLANG_WARN_OBJC_IMPLICIT_RETAIN_SELF = YES;
				CLANG_WARN_OBJC_LITERAL_CONVERSION = YES;
				CLANG_WARN_OBJC_ROOT_CLASS = YES_ERROR;
				CLANG_WARN_RANGE_LOOP_ANALYSIS = YES;
				CLANG_WARN_STRICT_PROTOTYPES = YES;
				CLANG_WARN_SUSPICIOUS_MOVE = YES;
				CLANG_WARN_UNGUARDED_AVAILABILITY = YES_AGGRESSIVE;
				CLANG_WARN_UNREACHABLE_CODE = YES;
				CLANG_WARN__DUPLICATE_METHOD_MATCH = YES;
				COPY_PHASE_STRIP = NO;
				DEBUG_INFORMATION_FORMAT = "dwarf-with-dsym";
				ENABLE_NS_ASSERTIONS = NO;
				ENABLE_STRICT_OBJC_MSGSEND = YES;
				GCC_C_LANGUAGE_STANDARD = gnu11;
				GCC_NO_COMMON_BLOCKS = YES;
				GCC_WARN_64_TO_32_BIT_CONVERSION = YES;
				GCC_WARN_ABOUT_RETURN_TYPE = YES_ERROR;
				GCC_WARN_UNDECLARED_SELECTOR = YES;
				GCC_WARN_UNINITIALIZED_AUTOS = YES_AGGRESSIVE;
				GCC_WARN_UNUSED_FUNCTION = YES;
				GCC_WARN_UNUSED_VARIABLE = YES;
				IPHONEOS_DEPLOYMENT_TARGET = 13.6;
				MTL_ENABLE_DEBUG_INFO = NO;
				MTL_FAST_MATH = YES;
				SDKROOT = iphoneos;
				VALIDATE_PRODUCT = YES;
			};
			name = Release;
		};
		7A17950624C8B1F30000B24C /* Debug */ = {
			isa = XCBuildConfiguration;
			buildSettings = {
				ASSETCATALOG_COMPILER_APPICON_NAME = AppIcon;
				CODE_SIGN_STYLE = Automatic;
				DEVELOPMENT_TEAM = A9J8464N7L;
				INFOPLIST_FILE = DevelopesTutorials/Info.plist;
				LD_RUNPATH_SEARCH_PATHS = (
					"$(inherited)",
					"@executable_path/Frameworks",
				);
				PRODUCT_BUNDLE_IDENTIFIER = OG.DevelopesTutorials;
				PRODUCT_NAME = "$(TARGET_NAME)";
				TARGETED_DEVICE_FAMILY = "1,2";
			};
			name = Debug;
		};
		7A17950724C8B1F30000B24C /* Release */ = {
			isa = XCBuildConfiguration;
			buildSettings = {
				ASSETCATALOG_COMPILER_APPICON_NAME = AppIcon;
				CODE_SIGN_STYLE = Automatic;
				DEVELOPMENT_TEAM = A9J8464N7L;
				INFOPLIST_FILE = DevelopesTutorials/Info.plist;
				LD_RUNPATH_SEARCH_PATHS = (
					"$(inherited)",
					"@executable_path/Frameworks",
				);
				PRODUCT_BUNDLE_IDENTIFIER = OG.DevelopesTutorials;
				PRODUCT_NAME = "$(TARGET_NAME)";
				TARGETED_DEVICE_FAMILY = "1,2";
			};
			name = Release;
		};
/* End XCBuildConfiguration section */

/* Begin XCConfigurationList section */
		7A1794E724C8B1F00000B24C /* Build configuration list for PBXProject "DevelopesTutorials" */ = {
			isa = XCConfigurationList;
			buildConfigurations = (
				7A17950324C8B1F30000B24C /* Debug */,
				7A17950424C8B1F30000B24C /* Release */,
			);
			defaultConfigurationIsVisible = 0;
			defaultConfigurationName = Release;
		};
		7A17950524C8B1F30000B24C /* Build configuration list for PBXNativeTarget "DevelopesTutorials" */ = {
			isa = XCConfigurationList;
			buildConfigurations = (
				7A17950624C8B1F30000B24C /* Debug */,
				7A17950724C8B1F30000B24C /* Release */,
			);
			defaultConfigurationIsVisible = 0;
			defaultConfigurationName = Release;
		};
/* End XCConfigurationList section */
	};
	rootObject = 7A1794E424C8B1F00000B24C /* Project object */;
}
